
Microsoft Visual Studio Solution File, Format Version 12.00
# Visual Studio Version 17
VisualStudioVersion = 17.3.32811.315
MinimumVisualStudioVersion = 10.0.40219.1
Project("{FAE04EC0-301F-11D3-BF4B-00C04F79EFBC}") = "Traffic Light Project", "Traffic Light Project.csproj", "{FA9EA1A8-6B2F-4E2E-80E8-867102362CD3}"
EndProject
Global
	GlobalSection(SolutionConfigurationPlatforms) = preSolution
		Debug|Any CPU = Debug|Any CPU
		Release|Any CPU = Release|Any CPU
	EndGlobalSection
	GlobalSection(ProjectConfigurationPlatforms) = postSolution
		{FA9EA1A8-6B2F-4E2E-80E8-867102362CD3}.Debug|Any CPU.ActiveCfg = Debug|Any CPU
		{FA9EA1A8-6B2F-4E2E-80E8-867102362CD3}.Debug|Any CPU.Build.0 = Debug|Any CPU
		{FA9EA1A8-6B2F-4E2E-80E8-867102362CD3}.Release|Any CPU.ActiveCfg = Release|Any CPU
		{FA9EA1A8-6B2F-4E2E-80E8-867102362CD3}.Release|Any CPU.Build.0 = Release|Any CPU
	EndGlobalSection
	GlobalSection(SolutionProperties) = preSolution
		HideSolutionNode = FALSE
	EndGlobalSection
	GlobalSection(ExtensibilityGlobals) = postSolution
		SolutionGuid = {CBB170F0-3E6F-48FB-BD82-E205E4DB1699}
	EndGlobalSection
EndGlobal
